
Microsoft Visual Studio Solution File, Format Version 12.00
# Visual Studio Version 16
VisualStudioVersion = 16.0.28803.452
MinimumVisualStudioVersion = 10.0.40219.1
Project("{FAE04EC0-301F-11D3-BF4B-00C04F79EFBC}") = "ListBox", "ListBox\ListBox.csproj", "{735A77C4-BFCC-40D7-8424-8C16D300E0FB}"
EndProject
Global
	GlobalSection(SolutionConfigurationPlatforms) = preSolution
		Debug|Any CPU = Debug|Any CPU
		Release|Any CPU = Release|Any CPU
	EndGlobalSection
	GlobalSection(ProjectConfigurationPlatforms) = postSolution
		{735A77C4-BFCC-40D7-8424-8C16D300E0FB}.Debug|Any CPU.ActiveCfg = Debug|Any CPU
		{735A77C4-BFCC-40D7-8424-8C16D300E0FB}.Debug|Any CPU.Build.0 = Debug|Any CPU
		{735A77C4-BFCC-40D7-8424-8C16D300E0FB}.Release|Any CPU.ActiveCfg = Release|Any CPU
		{735A77C4-BFCC-40D7-8424-8C16D300E0FB}.Release|Any CPU.Build.0 = Release|Any CPU
	EndGlobalSection
	GlobalSection(SolutionProperties) = preSolution
		HideSolutionNode = FALSE
	EndGlobalSection
	GlobalSection(ExtensibilityGlobals) = postSolution
		SolutionGuid = {52B5399F-CD78-4B6F-BC09-A20A1EC62120}
	EndGlobalSection
EndGlobal
